
Microsoft Visual Studio Solution File, Format Version 12.00
# Visual Studio 15
VisualStudioVersion = 15.0.27703.2035
MinimumVisualStudioVersion = 10.0.40219.1
Project("{FAE04EC0-301F-11D3-BF4B-00C04F79EFBC}") = "DXApplicationTest1", "DXApplicationTest1\DXApplicationTest1.csproj", "{92AFBE70-3114-4E24-91F1-B49C99934665}"
EndProject
Global
	GlobalSection(SolutionConfigurationPlatforms) = preSolution
		Debug|Any CPU = Debug|Any CPU
		Release|Any CPU = Release|Any CPU
	EndGlobalSection
	GlobalSection(ProjectConfigurationPlatforms) = postSolution
		{92AFBE70-3114-4E24-91F1-B49C99934665}.Debug|Any CPU.ActiveCfg = Debug|Any CPU
		{92AFBE70-3114-4E24-91F1-B49C99934665}.Debug|Any CPU.Build.0 = Debug|Any CPU
		{92AFBE70-3114-4E24-91F1-B49C99934665}.Release|Any CPU.ActiveCfg = Release|Any CPU
		{92AFBE70-3114-4E24-91F1-B49C99934665}.Release|Any CPU.Build.0 = Release|Any CPU
	EndGlobalSection
	GlobalSection(SolutionProperties) = preSolution
		HideSolutionNode = FALSE
	EndGlobalSection
	GlobalSection(ExtensibilityGlobals) = postSolution
		SolutionGuid = {855DFAA4-7966-4E37-A401-ED0E2456776C}
	EndGlobalSection
EndGlobal
